{
  "name": "crypto-api-resource-monitor",
  "version": "1.0.0",
  "lockfileVersion": 3,
  "requires": true,
  "packages": {
    "": {
      "name": "crypto-api-resource-monitor",
      "version": "1.0.0",
      "license": "MIT",
      "dependencies": {
        "mcp-agent": "^0.0.1"
      },
      "engines": {
        "node": ">=14.0.0"
      }
    },
    "node_modules/mcp-agent": {
      "version": "0.0.1",
      "resolved": "https://registry.npmjs.org/mcp-agent/-/mcp-agent-0.0.1.tgz",
      "integrity": "sha512-neCNosx3TWJHgE0XNXSBq2xq7zcDX2FLlSez/ZW7siB3uhMrEa8QYKUieubiqB1AHGu7WulNNiwdqpqvmWAWlQ==",
      "license": "Apache 2.0"
    }
  }
}
